{
  "lockfileVersion": 1,
  "workspaces": {
    "": {
      "name": "libreutils",
      "devDependencies": {
        "@happy-dom/global-registrator": "20.8.3",
        "@playwright/test": "1.58.2",
        "@types/bun": "^1.3.5",
        "happy-dom": "20.8.3",
        "typescript": "5.9.3",
      },
    },
    "shared": {
      "name": "@libreutils/shared",
      "version": "0.2.0",
    },
    "tools/archive-manager": {
      "name": "@libreutils/tool-archive-manager",
      "version": "1.0.0",
      "dependencies": {
        "7z-wasm": "1.2.0",
        "@libreutils/shared": "file:../../shared",
        "@zip.js/zip.js": "2.8.23",
        "fflate": "^0.8.2",
        "libarchive.js": "^2.0.2",
      },
    },
    "tools/checksum-generator": {
      "name": "@libreutils/checksum-generator",
      "version": "1.0.0",
      "dependencies": {
        "@libreutils/shared": "file:../../shared",
      },
    },
    "tools/encryption-decryption": {
      "name": "@libreutils/encryption-decryption",
      "version": "1.0.0",
      "dependencies": {
        "@libreutils/shared": "file:../../shared",
      },
    },
    "tools/image-compressor": {
      "name": "@libreutils/tool-image-compressor",
      "version": "1.0.0",
      "dependencies": {
        "@libreutils/shared": "file:../../shared",
      },
    },
    "tools/metadata-scrubber": {
      "name": "@libreutils/tool-metadata-scrubber",
      "version": "1.0.0",
      "dependencies": {
        "@ffmpeg/ffmpeg": "^0.12.15",
        "@ffmpeg/util": "^0.12.2",
        "@libreutils/shared": "file:../../shared",
        "pdf-lib": "1.17.1",
      },
    },
    "tools/password-generator": {
      "name": "@libreutils/tool-password-generator",
      "version": "1.0.0",
      "dependencies": {
        "@libreutils/shared": "file:../../shared",
      },
    },
    "tools/text-encoder": {
      "name": "@libreutils/tool-text-encoder",
      "version": "1.0.0",
      "dependencies": {
        "@libreutils/shared": "file:../../shared",
      },
    },
  },
  "packages": {
    "7z-wasm": ["7z-wasm@1.2.0", "", { "dependencies": { "readline-sync": "^1.4.10" }, "bin": { "7z-wasm": "bin/cli" } }, "sha512-AZjtWXFleAe5nQ27JYISs70cICjO0zZr4LU45I9pXKcrhG0qiEWgq3Vjwr9JHHihFLuqgc7uSHYVn/z3vXCjdw=="],

    "@ffmpeg/ffmpeg": ["@ffmpeg/ffmpeg@0.12.15", "", { "dependencies": { "@ffmpeg/types": "^0.12.4" } }, "sha512-1C8Obr4GsN3xw+/1Ww6PFM84wSQAGsdoTuTWPOj2OizsRDLT4CXTaVjPhkw6ARyDus1B9X/L2LiXHqYYsGnRFw=="],

    "@ffmpeg/types": ["@ffmpeg/types@0.12.4", "", {}, "sha512-k9vJQNBGTxE5AhYDtOYR5rO5fKsspbg51gbcwtbkw2lCdoIILzklulcjJfIDwrtn7XhDeF2M+THwJ2FGrLeV6A=="],

    "@ffmpeg/util": ["@ffmpeg/util@0.12.2", "", {}, "sha512-ouyoW+4JB7WxjeZ2y6KpRvB+dLp7Cp4ro8z0HIVpZVCM7AwFlHa0c4R8Y/a4M3wMqATpYKhC7lSFHQ0T11MEDw=="],

    "@happy-dom/global-registrator": ["@happy-dom/global-registrator@20.8.3", "", { "dependencies": { "@types/node": ">=20.0.0", "happy-dom": "^20.8.3" } }, "sha512-9z6lLr6K6dIFLiB9jI0tKTlYzCComn5RL7L1mN3EdMSCyRQB8I6A0FO/On8yYKkXuunexzPDC98zDflvv2wDrQ=="],

    "@libreutils/checksum-generator": ["@libreutils/checksum-generator@workspace:tools/checksum-generator"],

    "@libreutils/encryption-decryption": ["@libreutils/encryption-decryption@workspace:tools/encryption-decryption"],

    "@libreutils/shared": ["@libreutils/shared@workspace:shared"],

    "@libreutils/tool-archive-manager": ["@libreutils/tool-archive-manager@workspace:tools/archive-manager"],

    "@libreutils/tool-image-compressor": ["@libreutils/tool-image-compressor@workspace:tools/image-compressor"],

    "@libreutils/tool-metadata-scrubber": ["@libreutils/tool-metadata-scrubber@workspace:tools/metadata-scrubber"],

    "@libreutils/tool-password-generator": ["@libreutils/tool-password-generator@workspace:tools/password-generator"],

    "@libreutils/tool-text-encoder": ["@libreutils/tool-text-encoder@workspace:tools/text-encoder"],

    "@pdf-lib/standard-fonts": ["@pdf-lib/standard-fonts@1.0.0", "", { "dependencies": { "pako": "^1.0.6" } }, "sha512-hU30BK9IUN/su0Mn9VdlVKsWBS6GyhVfqjwl1FjZN4TxP6cCw0jP2w7V3Hf5uX7M0AZJ16vey9yE0ny7Sa59ZA=="],

    "@pdf-lib/upng": ["@pdf-lib/upng@1.0.1", "", { "dependencies": { "pako": "^1.0.10" } }, "sha512-dQK2FUMQtowVP00mtIksrlZhdFXQZPC+taih1q4CvPZ5vqdxR/LKBaFg0oAfzd1GlHZXXSPdQfzQnt+ViGvEIQ=="],

    "@playwright/test": ["@playwright/test@1.58.2", "", { "dependencies": { "playwright": "1.58.2" }, "bin": { "playwright": "cli.js" } }, "sha512-akea+6bHYBBfA9uQqSYmlJXn61cTa+jbO87xVLCWbTqbWadRVmhxlXATaOjOgcBaWU4ePo0wB41KMFv3o35IXA=="],

    "@types/bun": ["@types/bun@1.3.5", "", { "dependencies": { "bun-types": "1.3.5" } }, "sha512-RnygCqNrd3srIPEWBd5LFeUYG7plCoH2Yw9WaZGyNmdTEei+gWaHqydbaIRkIkcbXwhBT94q78QljxN0Sk838w=="],

    "@types/node": ["@types/node@25.0.3", "", { "dependencies": { "undici-types": "~7.16.0" } }, "sha512-W609buLVRVmeW693xKfzHeIV6nJGGz98uCPfeXI1ELMLXVeKYZ9m15fAMSaUPBHYLGFsVRcMmSCksQOrZV9BYA=="],

    "@types/whatwg-mimetype": ["@types/whatwg-mimetype@3.0.2", "", {}, "sha512-c2AKvDT8ToxLIOUlN51gTiHXflsfIFisS4pO7pDPoKouJCESkhZnEy623gwP9laCy5lnLDAw1vAzu2vM2YLOrA=="],

    "@types/ws": ["@types/ws@8.18.1", "", { "dependencies": { "@types/node": "*" } }, "sha512-ThVF6DCVhA8kUGy+aazFQ4kXQ7E1Ty7A3ypFOe0IcJV8O/M511G99AW24irKrW56Wt44yG9+ij8FaqoBGkuBXg=="],

    "@zip.js/zip.js": ["@zip.js/zip.js@2.8.23", "", {}, "sha512-RB+RLnxPJFPrGvQ9rgO+4JOcsob6lD32OcF0QE0yg24oeW9q8KnTTNlugcDaIveEcCbclobJcZP+fLQ++sH0bw=="],

    "bun-types": ["bun-types@1.3.5", "", { "dependencies": { "@types/node": "*" } }, "sha512-inmAYe2PFLs0SUbFOWSVD24sg1jFlMPxOjOSSCYqUgn4Hsc3rDc7dFvfVYjFPNHtov6kgUeulV4SxbuIV/stPw=="],

    "comlink": ["comlink@4.4.2", "", {}, "sha512-OxGdvBmJuNKSCMO4NTl1L47VRp6xn2wG4F/2hYzB6tiCb709otOxtEYCSvK80PtjODfXXZu8ds+Nw5kVCjqd2g=="],

    "entities": ["entities@7.0.1", "", {}, "sha512-TWrgLOFUQTH994YUyl1yT4uyavY5nNB5muff+RtWaqNVCAK408b5ZnnbNAUEWLTCpum9w6arT70i1XdQ4UeOPA=="],

    "fflate": ["fflate@0.8.2", "", {}, "sha512-cPJU47OaAoCbg0pBvzsgpTPhmhqI5eJjh/JIu8tPj5q+T7iLvW/JAYUqmE7KOB4R1ZyEhzBaIQpQpardBF5z8A=="],

    "fsevents": ["fsevents@2.3.2", "", { "os": "darwin" }, "sha512-xiqMQR4xAeHTuB9uWm+fFRcIOgKBMiOBP+eXiyT7jsgVCq1bkVygt00oASowB7EdtpOHaaPgKt812P9ab+DDKA=="],

    "happy-dom": ["happy-dom@20.8.3", "", { "dependencies": { "@types/node": ">=20.0.0", "@types/whatwg-mimetype": "^3.0.2", "@types/ws": "^8.18.1", "entities": "^7.0.1", "whatwg-mimetype": "^3.0.0", "ws": "^8.18.3" } }, "sha512-lMHQRRwIPyJ70HV0kkFT7jH/gXzSI7yDkQFe07E2flwmNDFoWUTRMKpW2sglsnpeA7b6S2TJPp98EbQxai8eaQ=="],

    "libarchive.js": ["libarchive.js@2.0.2", "", { "dependencies": { "comlink": "^4.4.1" } }, "sha512-JHb+P4suNSjvz/dMdRgOe7JAxluXJeialzSFkKHU5y0ZK+m175drPOaIYW6I9WXSDcPcQ13eCUgMnpgY0ggmoQ=="],

    "pako": ["pako@1.0.11", "", {}, "sha512-4hLB8Py4zZce5s4yd9XzopqwVv/yGNhV1Bl8NTmCq1763HeK2+EwVTv+leGeL13Dnh2wfbqowVPXCIO0z4taYw=="],

    "pdf-lib": ["pdf-lib@1.17.1", "", { "dependencies": { "@pdf-lib/standard-fonts": "^1.0.0", "@pdf-lib/upng": "^1.0.1", "pako": "^1.0.11", "tslib": "^1.11.1" } }, "sha512-V/mpyJAoTsN4cnP31vc0wfNA1+p20evqqnap0KLoRUN0Yk/p3wN52DOEsL4oBFcLdb76hlpKPtzJIgo67j/XLw=="],

    "playwright": ["playwright@1.58.2", "", { "dependencies": { "playwright-core": "1.58.2" }, "optionalDependencies": { "fsevents": "2.3.2" }, "bin": { "playwright": "cli.js" } }, "sha512-vA30H8Nvkq/cPBnNw4Q8TWz1EJyqgpuinBcHET0YVJVFldr8JDNiU9LaWAE1KqSkRYazuaBhTpB5ZzShOezQ6A=="],

    "playwright-core": ["playwright-core@1.58.2", "", { "bin": { "playwright-core": "cli.js" } }, "sha512-yZkEtftgwS8CsfYo7nm0KE8jsvm6i/PTgVtB8DL726wNf6H2IMsDuxCpJj59KDaxCtSnrWan2AeDqM7JBaultg=="],

    "readline-sync": ["readline-sync@1.4.10", "", {}, "sha512-gNva8/6UAe8QYepIQH/jQ2qn91Qj0B9sYjMBBs3QOB8F2CXcKgLxQaJRP76sWVRQt+QU+8fAkCbCvjjMFu7Ycw=="],

    "tslib": ["tslib@1.14.1", "", {}, "sha512-Xni35NKzjgMrwevysHTCArtLDpPvye8zV/0E4EyYn43P7/7qvQwPh9BGkHewbMulVntbigmcT7rdX3BNo9wRJg=="],

    "typescript": ["typescript@5.9.3", "", { "bin": { "tsc": "bin/tsc", "tsserver": "bin/tsserver" } }, "sha512-jl1vZzPDinLr9eUt3J/t7V6FgNEw9QjvBPdysz9KfQDD41fQrC2Y4vKQdiaUpFT4bXlb1RHhLpp8wtm6M5TgSw=="],

    "undici-types": ["undici-types@7.16.0", "", {}, "sha512-Zz+aZWSj8LE6zoxD+xrjh4VfkIG8Ya6LvYkZqtUQGJPZjYl53ypCaUwWqo7eI0x66KBGeRo+mlBEkMSeSZ38Nw=="],

    "whatwg-mimetype": ["whatwg-mimetype@3.0.0", "", {}, "sha512-nt+N2dzIutVRxARx1nghPKGv1xHikU7HKdfafKkLNLindmPU/ch3U31NOCGGA/dmPcmb1VlofO0vnKAcsm0o/Q=="],

    "ws": ["ws@8.19.0", "", { "peerDependencies": { "bufferutil": "^4.0.1", "utf-8-validate": ">=5.0.2" }, "optionalPeers": ["bufferutil", "utf-8-validate"] }, "sha512-blAT2mjOEIi0ZzruJfIhb3nps74PRWTCz1IjglWEEpQl5XS/UNama6u2/rjFkDDouqr4L67ry+1aGIALViWjDg=="],

    "@libreutils/checksum-generator/@libreutils/shared": ["@libreutils/shared@file:shared", {}],

    "@libreutils/encryption-decryption/@libreutils/shared": ["@libreutils/shared@file:shared", {}],

    "@libreutils/tool-archive-manager/@libreutils/shared": ["@libreutils/shared@file:shared", {}],

    "@libreutils/tool-image-compressor/@libreutils/shared": ["@libreutils/shared@file:shared", {}],

    "@libreutils/tool-metadata-scrubber/@libreutils/shared": ["@libreutils/shared@file:shared", {}],

    "@libreutils/tool-password-generator/@libreutils/shared": ["@libreutils/shared@file:shared", {}],

    "@libreutils/tool-text-encoder/@libreutils/shared": ["@libreutils/shared@file:shared", {}],
  }
}
